
Microsoft Visual Studio Solution File, Format Version 12.00
# Visual Studio Version 17
VisualStudioVersion = 17.5.002.0
MinimumVisualStudioVersion = 10.0.40219.1
Project("{9A19103F-16F7-4668-BE54-9A1E7A4F7556}") = "ToyProductStore", "ToyProductStore.csproj", "{6B6BF407-7593-4838-AD83-AC35B5C7A222}"
EndProject
Global
	GlobalSection(SolutionConfigurationPlatforms) = preSolution
		Debug|Any CPU = Debug|Any CPU
		Release|Any CPU = Release|Any CPU
	EndGlobalSection
	GlobalSection(ProjectConfigurationPlatforms) = postSolution
		{6B6BF407-7593-4838-AD83-AC35B5C7A222}.Debug|Any CPU.ActiveCfg = Debug|Any CPU
		{6B6BF407-7593-4838-AD83-AC35B5C7A222}.Debug|Any CPU.Build.0 = Debug|Any CPU
		{6B6BF407-7593-4838-AD83-AC35B5C7A222}.Release|Any CPU.ActiveCfg = Release|Any CPU
		{6B6BF407-7593-4838-AD83-AC35B5C7A222}.Release|Any CPU.Build.0 = Release|Any CPU
	EndGlobalSection
	GlobalSection(SolutionProperties) = preSolution
		HideSolutionNode = FALSE
	EndGlobalSection
	GlobalSection(ExtensibilityGlobals) = postSolution
		SolutionGuid = {C1F1C467-31FC-4272-B5C7-C30160AAB4C9}
	EndGlobalSection
EndGlobal
